
Microsoft Visual Studio Solution File, Format Version 12.00
# Visual Studio Version 17
VisualStudioVersion = 17.5.33627.172
MinimumVisualStudioVersion = 10.0.40219.1
Project("{9A19103F-16F7-4668-BE54-9A1E7A4F7556}") = "ci-cd-test", "ci-cd-test\ci-cd-test.csproj", "{4238EE28-0CB5-4A6F-8FED-BC07CB65A3AA}"
EndProject
Project("{FAE04EC0-301F-11D3-BF4B-00C04F79EFBC}") = "ci-cd-test.Tests", "ci-cd-test.Tests\ci-cd-test.Tests.csproj", "{EA661CB4-FD3C-47A6-9760-775058520D66}"
EndProject
Global
	GlobalSection(SolutionConfigurationPlatforms) = preSolution
		Debug|Any CPU = Debug|Any CPU
		Release|Any CPU = Release|Any CPU
	EndGlobalSection
	GlobalSection(ProjectConfigurationPlatforms) = postSolution
		{4238EE28-0CB5-4A6F-8FED-BC07CB65A3AA}.Debug|Any CPU.ActiveCfg = Debug|Any CPU
		{4238EE28-0CB5-4A6F-8FED-BC07CB65A3AA}.Debug|Any CPU.Build.0 = Debug|Any CPU
		{4238EE28-0CB5-4A6F-8FED-BC07CB65A3AA}.Release|Any CPU.ActiveCfg = Release|Any CPU
		{4238EE28-0CB5-4A6F-8FED-BC07CB65A3AA}.Release|Any CPU.Build.0 = Release|Any CPU
		{EA661CB4-FD3C-47A6-9760-775058520D66}.Debug|Any CPU.ActiveCfg = Debug|Any CPU
		{EA661CB4-FD3C-47A6-9760-775058520D66}.Debug|Any CPU.Build.0 = Debug|Any CPU
		{EA661CB4-FD3C-47A6-9760-775058520D66}.Release|Any CPU.ActiveCfg = Release|Any CPU
		{EA661CB4-FD3C-47A6-9760-775058520D66}.Release|Any CPU.Build.0 = Release|Any CPU
	EndGlobalSection
	GlobalSection(SolutionProperties) = preSolution
		HideSolutionNode = FALSE
	EndGlobalSection
	GlobalSection(ExtensibilityGlobals) = postSolution
		SolutionGuid = {53BA58D7-FB79-4AFC-B99C-CDD163B4ED4B}
	EndGlobalSection
EndGlobal
